
Microsoft Visual Studio Solution File, Format Version 12.00
# Visual Studio 14
VisualStudioVersion = 14.0.23103.0
MinimumVisualStudioVersion = 10.0.40219.1
Project("{FAE04EC0-301F-11D3-BF4B-00C04F79EFBC}") = "CInject", "CInject\CInject.csproj", "{43D4090A-CCC2-4204-8103-47A54519D661}"
EndProject
Project("{FAE04EC0-301F-11D3-BF4B-00C04F79EFBC}") = "CInject.Injections", "CInject.Injections\CInject.Injections.csproj", "{FD92845E-20BA-4519-9C70-F14A7C2D4131}"
EndProject
Project("{FAE04EC0-301F-11D3-BF4B-00C04F79EFBC}") = "CInject.TargetAssembly", "CInject.TargetAssembly\CInject.TargetAssembly.csproj", "{D242525B-148D-4AE6-AFD3-C5B58BFD2F52}"
EndProject
Project("{2150E333-8FDC-42A3-9474-1A3956D46DE8}") = "License", "License", "{64DC9F27-CAD6-4925-976B-08F2399998D6}"
	ProjectSection(SolutionItems) = preProject
		License\gpl.txt = License\gpl.txt
	EndProjectSection
EndProject
Project("{FAE04EC0-301F-11D3-BF4B-00C04F79EFBC}") = "CInject.PluginInterface", "CInject.PluginInterface\CInject.PluginInterface.csproj", "{3AF71CBE-9986-4B9C-810D-E8E4F30FEC35}"
EndProject
Project("{FAE04EC0-301F-11D3-BF4B-00C04F79EFBC}") = "CInject.Plugin.Sample", "CInject.Plugin.Sample\CInject.Plugin.Sample.csproj", "{938CE94C-539D-48D1-9DB7-9E3EF3CE0D3A}"
EndProject
Project("{FAE04EC0-301F-11D3-BF4B-00C04F79EFBC}") = "CInject.Engine", "CInject.Engine\CInject.Engine.csproj", "{35D6A1B5-E3E9-414E-899C-EFF310EDD009}"
EndProject
Project("{2150E333-8FDC-42A3-9474-1A3956D46DE8}") = "Core", "Core", "{3F53D25C-D3CA-438D-820C-456EE4677FDF}"
EndProject
Project("{2150E333-8FDC-42A3-9474-1A3956D46DE8}") = "Samples", "Samples", "{EAF55B72-8431-4D4C-8F7B-0E216C4FBA52}"
EndProject
Project("{FAE04EC0-301F-11D3-BF4B-00C04F79EFBC}") = "CInject.SampleWinform", "CInject.SampleWinform\CInject.SampleWinform.csproj", "{1027339A-1B47-42A3-A30A-67FBE5F3CEAC}"
EndProject
Project("{FAE04EC0-301F-11D3-BF4B-00C04F79EFBC}") = "CInject.SampleWPF", "CInject.SampleWPF\CInject.SampleWPF.csproj", "{BE33811B-F71A-439B-A4F7-99B3B2002BD2}"
EndProject
Global
	GlobalSection(SolutionConfigurationPlatforms) = preSolution
		Debug|Any CPU = Debug|Any CPU
		Debug|Mixed Platforms = Debug|Mixed Platforms
		Debug|x86 = Debug|x86
		Release|Any CPU = Release|Any CPU
		Release|Mixed Platforms = Release|Mixed Platforms
		Release|x86 = Release|x86
	EndGlobalSection
	GlobalSection(ProjectConfigurationPlatforms) = postSolution
		{43D4090A-CCC2-4204-8103-47A54519D661}.Debug|Any CPU.ActiveCfg = Debug|Any CPU
		{43D4090A-CCC2-4204-8103-47A54519D661}.Debug|Any CPU.Build.0 = Debug|Any CPU
		{43D4090A-CCC2-4204-8103-47A54519D661}.Debug|Mixed Platforms.ActiveCfg = Release|Any CPU
		{43D4090A-CCC2-4204-8103-47A54519D661}.Debug|Mixed Platforms.Build.0 = Release|Any CPU
		{43D4090A-CCC2-4204-8103-47A54519D661}.Debug|x86.ActiveCfg = Release|Any CPU
		{43D4090A-CCC2-4204-8103-47A54519D661}.Release|Any CPU.ActiveCfg = Release|Any CPU
		{43D4090A-CCC2-4204-8103-47A54519D661}.Release|Any CPU.Build.0 = Release|Any CPU
		{43D4090A-CCC2-4204-8103-47A54519D661}.Release|Mixed Platforms.ActiveCfg = Release|Any CPU
		{43D4090A-CCC2-4204-8103-47A54519D661}.Release|Mixed Platforms.Build.0 = Release|Any CPU
		{43D4090A-CCC2-4204-8103-47A54519D661}.Release|x86.ActiveCfg = Release|Any CPU
		{FD92845E-20BA-4519-9C70-F14A7C2D4131}.Debug|Any CPU.ActiveCfg = Debug|Any CPU
		{FD92845E-20BA-4519-9C70-F14A7C2D4131}.Debug|Any CPU.Build.0 = Debug|Any CPU
		{FD92845E-20BA-4519-9C70-F14A7C2D4131}.Debug|Mixed Platforms.ActiveCfg = Debug|Any CPU
		{FD92845E-20BA-4519-9C70-F14A7C2D4131}.Debug|Mixed Platforms.Build.0 = Debug|Any CPU
		{FD92845E-20BA-4519-9C70-F14A7C2D4131}.Debug|x86.ActiveCfg = Debug|Any CPU
		{FD92845E-20BA-4519-9C70-F14A7C2D4131}.Release|Any CPU.ActiveCfg = Release|Any CPU
		{FD92845E-20BA-4519-9C70-F14A7C2D4131}.Release|Any CPU.Build.0 = Release|Any CPU
		{FD92845E-20BA-4519-9C70-F14A7C2D4131}.Release|Mixed Platforms.ActiveCfg = Release|Any CPU
		{FD92845E-20BA-4519-9C70-F14A7C2D4131}.Release|Mixed Platforms.Build.0 = Release|Any CPU
		{FD92845E-20BA-4519-9C70-F14A7C2D4131}.Release|x86.ActiveCfg = Release|Any CPU
		{D242525B-148D-4AE6-AFD3-C5B58BFD2F52}.Debug|Any CPU.ActiveCfg = Debug|Any CPU
		{D242525B-148D-4AE6-AFD3-C5B58BFD2F52}.Debug|Any CPU.Build.0 = Debug|Any CPU
		{D242525B-148D-4AE6-AFD3-C5B58BFD2F52}.Debug|Mixed Platforms.ActiveCfg = Release|Any CPU
		{D242525B-148D-4AE6-AFD3-C5B58BFD2F52}.Debug|Mixed Platforms.Build.0 = Release|Any CPU
		{D242525B-148D-4AE6-AFD3-C5B58BFD2F52}.Debug|x86.ActiveCfg = Release|Any CPU
		{D242525B-148D-4AE6-AFD3-C5B58BFD2F52}.Release|Any CPU.ActiveCfg = Release|Any CPU
		{D242525B-148D-4AE6-AFD3-C5B58BFD2F52}.Release|Any CPU.Build.0 = Release|Any CPU
		{D242525B-148D-4AE6-AFD3-C5B58BFD2F52}.Release|Mixed Platforms.ActiveCfg = Release|Any CPU
		{D242525B-148D-4AE6-AFD3-C5B58BFD2F52}.Release|Mixed Platforms.Build.0 = Release|Any CPU
		{D242525B-148D-4AE6-AFD3-C5B58BFD2F52}.Release|x86.ActiveCfg = Release|Any CPU
		{3AF71CBE-9986-4B9C-810D-E8E4F30FEC35}.Debug|Any CPU.ActiveCfg = Debug|Any CPU
		{3AF71CBE-9986-4B9C-810D-E8E4F30FEC35}.Debug|Any CPU.Build.0 = Debug|Any CPU
		{3AF71CBE-9986-4B9C-810D-E8E4F30FEC35}.Debug|Mixed Platforms.ActiveCfg = Debug|Any CPU
		{3AF71CBE-9986-4B9C-810D-E8E4F30FEC35}.Debug|Mixed Platforms.Build.0 = Debug|Any CPU
		{3AF71CBE-9986-4B9C-810D-E8E4F30FEC35}.Debug|x86.ActiveCfg = Debug|Any CPU
		{3AF71CBE-9986-4B9C-810D-E8E4F30FEC35}.Release|Any CPU.ActiveCfg = Release|Any CPU
		{3AF71CBE-9986-4B9C-810D-E8E4F30FEC35}.Release|Any CPU.Build.0 = Release|Any CPU
		{3AF71CBE-9986-4B9C-810D-E8E4F30FEC35}.Release|Mixed Platforms.ActiveCfg = Release|Any CPU
		{3AF71CBE-9986-4B9C-810D-E8E4F30FEC35}.Release|Mixed Platforms.Build.0 = Release|Any CPU
		{3AF71CBE-9986-4B9C-810D-E8E4F30FEC35}.Release|x86.ActiveCfg = Release|Any CPU
		{938CE94C-539D-48D1-9DB7-9E3EF3CE0D3A}.Debug|Any CPU.ActiveCfg = Debug|Any CPU
		{938CE94C-539D-48D1-9DB7-9E3EF3CE0D3A}.Debug|Any CPU.Build.0 = Debug|Any CPU
		{938CE94C-539D-48D1-9DB7-9E3EF3CE0D3A}.Debug|Mixed Platforms.ActiveCfg = Debug|Any CPU
		{938CE94C-539D-48D1-9DB7-9E3EF3CE0D3A}.Debug|Mixed Platforms.Build.0 = Debug|Any CPU
		{938CE94C-539D-48D1-9DB7-9E3EF3CE0D3A}.Debug|x86.ActiveCfg = Debug|Any CPU
		{938CE94C-539D-48D1-9DB7-9E3EF3CE0D3A}.Release|Any CPU.ActiveCfg = Release|Any CPU
		{938CE94C-539D-48D1-9DB7-9E3EF3CE0D3A}.Release|Any CPU.Build.0 = Release|Any CPU
		{938CE94C-539D-48D1-9DB7-9E3EF3CE0D3A}.Release|Mixed Platforms.ActiveCfg = Release|Any CPU
		{938CE94C-539D-48D1-9DB7-9E3EF3CE0D3A}.Release|Mixed Platforms.Build.0 = Release|Any CPU
		{938CE94C-539D-48D1-9DB7-9E3EF3CE0D3A}.Release|x86.ActiveCfg = Release|Any CPU
		{35D6A1B5-E3E9-414E-899C-EFF310EDD009}.Debug|Any CPU.ActiveCfg = Debug|Any CPU
		{35D6A1B5-E3E9-414E-899C-EFF310EDD009}.Debug|Any CPU.Build.0 = Debug|Any CPU
		{35D6A1B5-E3E9-414E-899C-EFF310EDD009}.Debug|Mixed Platforms.ActiveCfg = Debug|Any CPU
		{35D6A1B5-E3E9-414E-899C-EFF310EDD009}.Debug|Mixed Platforms.Build.0 = Debug|Any CPU
		{35D6A1B5-E3E9-414E-899C-EFF310EDD009}.Debug|x86.ActiveCfg = Debug|Any CPU
		{35D6A1B5-E3E9-414E-899C-EFF310EDD009}.Release|Any CPU.ActiveCfg = Release|Any CPU
		{35D6A1B5-E3E9-414E-899C-EFF310EDD009}.Release|Any CPU.Build.0 = Release|Any CPU
		{35D6A1B5-E3E9-414E-899C-EFF310EDD009}.Release|Mixed Platforms.ActiveCfg = Release|Any CPU
		{35D6A1B5-E3E9-414E-899C-EFF310EDD009}.Release|Mixed Platforms.Build.0 = Release|Any CPU
		{35D6A1B5-E3E9-414E-899C-EFF310EDD009}.Release|x86.ActiveCfg = Release|Any CPU
		{1027339A-1B47-42A3-A30A-67FBE5F3CEAC}.Debug|Any CPU.ActiveCfg = Debug|Any CPU
		{1027339A-1B47-42A3-A30A-67FBE5F3CEAC}.Debug|Any CPU.Build.0 = Debug|Any CPU
		{1027339A-1B47-42A3-A30A-67FBE5F3CEAC}.Debug|Mixed Platforms.ActiveCfg = Debug|Any CPU
		{1027339A-1B47-42A3-A30A-67FBE5F3CEAC}.Debug|Mixed Platforms.Build.0 = Debug|Any CPU
		{1027339A-1B47-42A3-A30A-67FBE5F3CEAC}.Debug|x86.ActiveCfg = Debug|Any CPU
		{1027339A-1B47-42A3-A30A-67FBE5F3CEAC}.Release|Any CPU.ActiveCfg = Release|Any CPU
		{1027339A-1B47-42A3-A30A-67FBE5F3CEAC}.Release|Any CPU.Build.0 = Release|Any CPU
		{1027339A-1B47-42A3-A30A-67FBE5F3CEAC}.Release|Mixed Platforms.ActiveCfg = Release|Any CPU
		{1027339A-1B47-42A3-A30A-67FBE5F3CEAC}.Release|Mixed Platforms.Build.0 = Release|Any CPU
		{1027339A-1B47-42A3-A30A-67FBE5F3CEAC}.Release|x86.ActiveCfg = Release|Any CPU
		{BE33811B-F71A-439B-A4F7-99B3B2002BD2}.Debug|Any CPU.ActiveCfg = Debug|Any CPU
		{BE33811B-F71A-439B-A4F7-99B3B2002BD2}.Debug|Any CPU.Build.0 = Debug|Any CPU
		{BE33811B-F71A-439B-A4F7-99B3B2002BD2}.Debug|Mixed Platforms.ActiveCfg = Debug|Any CPU
		{BE33811B-F71A-439B-A4F7-99B3B2002BD2}.Debug|Mixed Platforms.Build.0 = Debug|Any CPU
		{BE33811B-F71A-439B-A4F7-99B3B2002BD2}.Debug|x86.ActiveCfg = Debug|Any CPU
		{BE33811B-F71A-439B-A4F7-99B3B2002BD2}.Debug|x86.Build.0 = Debug|Any CPU
		{BE33811B-F71A-439B-A4F7-99B3B2002BD2}.Release|Any CPU.ActiveCfg = Release|Any CPU
		{BE33811B-F71A-439B-A4F7-99B3B2002BD2}.Release|Any CPU.Build.0 = Release|Any CPU
		{BE33811B-F71A-439B-A4F7-99B3B2002BD2}.Release|Mixed Platforms.ActiveCfg = Release|Any CPU
		{BE33811B-F71A-439B-A4F7-99B3B2002BD2}.Release|Mixed Platforms.Build.0 = Release|Any CPU
		{BE33811B-F71A-439B-A4F7-99B3B2002BD2}.Release|x86.ActiveCfg = Release|Any CPU
		{BE33811B-F71A-439B-A4F7-99B3B2002BD2}.Release|x86.Build.0 = Release|Any CPU
	EndGlobalSection
	GlobalSection(SolutionProperties) = preSolution
		HideSolutionNode = FALSE
	EndGlobalSection
	GlobalSection(NestedProjects) = preSolution
		{43D4090A-CCC2-4204-8103-47A54519D661} = {3F53D25C-D3CA-438D-820C-456EE4677FDF}
		{FD92845E-20BA-4519-9C70-F14A7C2D4131} = {3F53D25C-D3CA-438D-820C-456EE4677FDF}
		{D242525B-148D-4AE6-AFD3-C5B58BFD2F52} = {EAF55B72-8431-4D4C-8F7B-0E216C4FBA52}
		{3AF71CBE-9986-4B9C-810D-E8E4F30FEC35} = {EAF55B72-8431-4D4C-8F7B-0E216C4FBA52}
		{938CE94C-539D-48D1-9DB7-9E3EF3CE0D3A} = {EAF55B72-8431-4D4C-8F7B-0E216C4FBA52}
		{35D6A1B5-E3E9-414E-899C-EFF310EDD009} = {3F53D25C-D3CA-438D-820C-456EE4677FDF}
		{1027339A-1B47-42A3-A30A-67FBE5F3CEAC} = {EAF55B72-8431-4D4C-8F7B-0E216C4FBA52}
		{BE33811B-F71A-439B-A4F7-99B3B2002BD2} = {EAF55B72-8431-4D4C-8F7B-0E216C4FBA52}
	EndGlobalSection
EndGlobal
